
Microsoft Visual Studio Solution File, Format Version 12.00
# Visual Studio 2013
VisualStudioVersion = 12.0.31101.0
MinimumVisualStudioVersion = 10.0.40219.1
Project("{FAE04EC0-301F-11D3-BF4B-00C04F79EFBC}") = "eurovision", "eurovision\eurovision.csproj", "{269337D5-6740-452A-9451-37D4CDF28FA1}"
EndProject
Project("{2150E333-8FDC-42A3-9474-1A3956D46DE8}") = "PublishScripts", "PublishScripts", "{7DA61737-A226-4D9F-AD2B-7F4D6EAB0D3E}"
	ProjectSection(SolutionItems) = preProject
		PublishScripts\AzureWebsitePublishModule.psm1 = PublishScripts\AzureWebsitePublishModule.psm1
		PublishScripts\Publish-WebApplicationWebsite.ps1 = PublishScripts\Publish-WebApplicationWebsite.ps1
	EndProjectSection
EndProject
Project("{2150E333-8FDC-42A3-9474-1A3956D46DE8}") = "Configurations", "Configurations", "{C05AEE34-0782-4D34-8346-FB7C141BFDE8}"
	ProjectSection(SolutionItems) = preProject
		PublishScripts\Configurations\eurovision-WAWS-dev.json = PublishScripts\Configurations\eurovision-WAWS-dev.json
	EndProjectSection
EndProject
Global
	GlobalSection(SolutionConfigurationPlatforms) = preSolution
		Debug|Any CPU = Debug|Any CPU
		Release|Any CPU = Release|Any CPU
	EndGlobalSection
	GlobalSection(ProjectConfigurationPlatforms) = postSolution
		{269337D5-6740-452A-9451-37D4CDF28FA1}.Debug|Any CPU.ActiveCfg = Debug|Any CPU
		{269337D5-6740-452A-9451-37D4CDF28FA1}.Debug|Any CPU.Build.0 = Debug|Any CPU
		{269337D5-6740-452A-9451-37D4CDF28FA1}.Release|Any CPU.ActiveCfg = Release|Any CPU
		{269337D5-6740-452A-9451-37D4CDF28FA1}.Release|Any CPU.Build.0 = Release|Any CPU
	EndGlobalSection
	GlobalSection(SolutionProperties) = preSolution
		HideSolutionNode = FALSE
	EndGlobalSection
	GlobalSection(NestedProjects) = preSolution
		{C05AEE34-0782-4D34-8346-FB7C141BFDE8} = {7DA61737-A226-4D9F-AD2B-7F4D6EAB0D3E}
	EndGlobalSection
EndGlobal
